
Microsoft Visual Studio Solution File, Format Version 12.00
# Visual Studio Version 16
VisualStudioVersion = 16.0.29709.97
MinimumVisualStudioVersion = 10.0.40219.1
Project("{FAE04EC0-301F-11D3-BF4B-00C04F79EFBC}") = "FDmail", "FDmail\FDmail.csproj", "{0CAEF0B2-190D-46BA-B1B3-4BC2A1276068}"
EndProject
Global
	GlobalSection(SolutionConfigurationPlatforms) = preSolution
		Debug|Any CPU = Debug|Any CPU
		Release|Any CPU = Release|Any CPU
	EndGlobalSection
	GlobalSection(ProjectConfigurationPlatforms) = postSolution
		{0CAEF0B2-190D-46BA-B1B3-4BC2A1276068}.Debug|Any CPU.ActiveCfg = Debug|Any CPU
		{0CAEF0B2-190D-46BA-B1B3-4BC2A1276068}.Debug|Any CPU.Build.0 = Debug|Any CPU
		{0CAEF0B2-190D-46BA-B1B3-4BC2A1276068}.Release|Any CPU.ActiveCfg = Release|Any CPU
		{0CAEF0B2-190D-46BA-B1B3-4BC2A1276068}.Release|Any CPU.Build.0 = Release|Any CPU
	EndGlobalSection
	GlobalSection(SolutionProperties) = preSolution
		HideSolutionNode = FALSE
	EndGlobalSection
	GlobalSection(ExtensibilityGlobals) = postSolution
		SolutionGuid = {D220BD47-2EEC-4DF4-B0CE-A9FE475D953F}
	EndGlobalSection
EndGlobal
